
Microsoft Visual Studio Solution File, Format Version 12.00
# Visual Studio Version 17
VisualStudioVersion = 17.5.33516.290
MinimumVisualStudioVersion = 10.0.40219.1
Project("{9A19103F-16F7-4668-BE54-9A1E7A4F7556}") = "EngineTest", "EngineTest.csproj", "{CAB2F9D3-6E27-4301-9371-F6F0D4DA462D}"
EndProject
Project("{2150E333-8FDC-42A3-9474-1A3956D46DE8}") = "解决方案项", "解决方案项", "{7FB4B818-7369-4040-88EC-6F50CC2D7CC0}"
	ProjectSection(SolutionItems) = preProject
		Engine.cs = Engine.cs
	EndProjectSection
EndProject
Global
	GlobalSection(SolutionConfigurationPlatforms) = preSolution
		Debug|Any CPU = Debug|Any CPU
		Release|Any CPU = Release|Any CPU
	EndGlobalSection
	GlobalSection(ProjectConfigurationPlatforms) = postSolution
		{CAB2F9D3-6E27-4301-9371-F6F0D4DA462D}.Debug|Any CPU.ActiveCfg = Debug|Any CPU
		{CAB2F9D3-6E27-4301-9371-F6F0D4DA462D}.Debug|Any CPU.Build.0 = Debug|Any CPU
		{CAB2F9D3-6E27-4301-9371-F6F0D4DA462D}.Release|Any CPU.ActiveCfg = Release|Any CPU
		{CAB2F9D3-6E27-4301-9371-F6F0D4DA462D}.Release|Any CPU.Build.0 = Release|Any CPU
	EndGlobalSection
	GlobalSection(SolutionProperties) = preSolution
		HideSolutionNode = FALSE
	EndGlobalSection
	GlobalSection(ExtensibilityGlobals) = postSolution
		SolutionGuid = {CBB6D18A-6F38-4D3F-98E0-03CD0A607D6D}
	EndGlobalSection
EndGlobal
